
Microsoft Visual Studio Solution File, Format Version 12.00
# Visual Studio 15
VisualStudioVersion = 15.0.27004.2002
MinimumVisualStudioVersion = 10.0.40219.1
Project("{9A19103F-16F7-4668-BE54-9A1E7A4F7556}") = "Tracer.Fody", "Tracer.Fody\Tracer.Fody.csproj", "{AB86D24C-9FAD-4151-A285-E90D66B5E05B}"
EndProject
Project("{9A19103F-16F7-4668-BE54-9A1E7A4F7556}") = "Tracer.Fody.Tests", "Tracer.Fody.Tests\Tracer.Fody.Tests.csproj", "{B935CAEF-A2E0-481B-8AE1-C136A0063FC3}"
EndProject
Project("{9A19103F-16F7-4668-BE54-9A1E7A4F7556}") = "Tracer.Log4Net", "Tracer.Log4Net\Tracer.Log4Net.csproj", "{5FC03C25-7594-431C-B248-F1A134DD5A77}"
EndProject
Project("{FAE04EC0-301F-11D3-BF4B-00C04F79EFBC}") = "TestApplication.Log4Net", "TestApplication.Log4Net\TestApplication.Log4Net.csproj", "{9C0C7A9A-049E-408B-AFDB-FD6ABF83759B}"
EndProject
Project("{FAE04EC0-301F-11D3-BF4B-00C04F79EFBC}") = "Tracer.Log4Net.Tests", "Tracer.Log4Net.Tests\Tracer.Log4Net.Tests.csproj", "{00587743-F2C1-45CB-9BFD-49D1C9976042}"
EndProject
Project("{9A19103F-16F7-4668-BE54-9A1E7A4F7556}") = "TestApplication.Log4Net.Core", "TestApplication.Log4Net.Core\TestApplication.Log4Net.Core.csproj", "{89BE58A6-B964-4039-BE83-9EC03D2DA82A}"
EndProject
Project("{9A19103F-16F7-4668-BE54-9A1E7A4F7556}") = "TestApplication.Log4Net.Netstd", "TestApplication.Log4Net.Netstd\TestApplication.Log4Net.Netstd.csproj", "{19AF511F-5FDD-4A8C-8E5C-E8AB51CECA50}"
EndProject
Project("{FAE04EC0-301F-11D3-BF4B-00C04F79EFBC}") = "Tracer.Serilog", "Tracer.Serilog\Tracer.Serilog.csproj", "{F12EE57A-8D40-4060-95C2-25915159BDB5}"
EndProject
Global
	GlobalSection(SolutionConfigurationPlatforms) = preSolution
		Debug|Any CPU = Debug|Any CPU
		Release|Any CPU = Release|Any CPU
	EndGlobalSection
	GlobalSection(ProjectConfigurationPlatforms) = postSolution
		{AB86D24C-9FAD-4151-A285-E90D66B5E05B}.Debug|Any CPU.ActiveCfg = Debug|Any CPU
		{AB86D24C-9FAD-4151-A285-E90D66B5E05B}.Debug|Any CPU.Build.0 = Debug|Any CPU
		{AB86D24C-9FAD-4151-A285-E90D66B5E05B}.Release|Any CPU.ActiveCfg = Release|Any CPU
		{AB86D24C-9FAD-4151-A285-E90D66B5E05B}.Release|Any CPU.Build.0 = Release|Any CPU
		{B935CAEF-A2E0-481B-8AE1-C136A0063FC3}.Debug|Any CPU.ActiveCfg = Debug|Any CPU
		{B935CAEF-A2E0-481B-8AE1-C136A0063FC3}.Debug|Any CPU.Build.0 = Debug|Any CPU
		{B935CAEF-A2E0-481B-8AE1-C136A0063FC3}.Release|Any CPU.ActiveCfg = Release|Any CPU
		{B935CAEF-A2E0-481B-8AE1-C136A0063FC3}.Release|Any CPU.Build.0 = Release|Any CPU
		{5FC03C25-7594-431C-B248-F1A134DD5A77}.Debug|Any CPU.ActiveCfg = Debug|Any CPU
		{5FC03C25-7594-431C-B248-F1A134DD5A77}.Debug|Any CPU.Build.0 = Debug|Any CPU
		{5FC03C25-7594-431C-B248-F1A134DD5A77}.Release|Any CPU.ActiveCfg = Release|Any CPU
		{5FC03C25-7594-431C-B248-F1A134DD5A77}.Release|Any CPU.Build.0 = Release|Any CPU
		{9C0C7A9A-049E-408B-AFDB-FD6ABF83759B}.Debug|Any CPU.ActiveCfg = Debug|Any CPU
		{9C0C7A9A-049E-408B-AFDB-FD6ABF83759B}.Debug|Any CPU.Build.0 = Debug|Any CPU
		{9C0C7A9A-049E-408B-AFDB-FD6ABF83759B}.Release|Any CPU.ActiveCfg = Release|Any CPU
		{9C0C7A9A-049E-408B-AFDB-FD6ABF83759B}.Release|Any CPU.Build.0 = Release|Any CPU
		{00587743-F2C1-45CB-9BFD-49D1C9976042}.Debug|Any CPU.ActiveCfg = Debug|Any CPU
		{00587743-F2C1-45CB-9BFD-49D1C9976042}.Debug|Any CPU.Build.0 = Debug|Any CPU
		{00587743-F2C1-45CB-9BFD-49D1C9976042}.Release|Any CPU.ActiveCfg = Release|Any CPU
		{00587743-F2C1-45CB-9BFD-49D1C9976042}.Release|Any CPU.Build.0 = Release|Any CPU
		{89BE58A6-B964-4039-BE83-9EC03D2DA82A}.Debug|Any CPU.ActiveCfg = Debug|Any CPU
		{89BE58A6-B964-4039-BE83-9EC03D2DA82A}.Debug|Any CPU.Build.0 = Debug|Any CPU
		{89BE58A6-B964-4039-BE83-9EC03D2DA82A}.Release|Any CPU.ActiveCfg = Release|Any CPU
		{89BE58A6-B964-4039-BE83-9EC03D2DA82A}.Release|Any CPU.Build.0 = Release|Any CPU
		{19AF511F-5FDD-4A8C-8E5C-E8AB51CECA50}.Debug|Any CPU.ActiveCfg = Debug|Any CPU
		{19AF511F-5FDD-4A8C-8E5C-E8AB51CECA50}.Debug|Any CPU.Build.0 = Debug|Any CPU
		{19AF511F-5FDD-4A8C-8E5C-E8AB51CECA50}.Release|Any CPU.ActiveCfg = Release|Any CPU
		{19AF511F-5FDD-4A8C-8E5C-E8AB51CECA50}.Release|Any CPU.Build.0 = Release|Any CPU
		{F12EE57A-8D40-4060-95C2-25915159BDB5}.Debug|Any CPU.ActiveCfg = Debug|Any CPU
		{F12EE57A-8D40-4060-95C2-25915159BDB5}.Debug|Any CPU.Build.0 = Debug|Any CPU
		{F12EE57A-8D40-4060-95C2-25915159BDB5}.Release|Any CPU.ActiveCfg = Release|Any CPU
		{F12EE57A-8D40-4060-95C2-25915159BDB5}.Release|Any CPU.Build.0 = Release|Any CPU
	EndGlobalSection
	GlobalSection(SolutionProperties) = preSolution
		HideSolutionNode = FALSE
	EndGlobalSection
	GlobalSection(ExtensibilityGlobals) = postSolution
		SolutionGuid = {4CCC38BA-A210-4499-B31D-0A18C26D44DF}
	EndGlobalSection
EndGlobal
